
Microsoft Visual Studio Solution File, Format Version 12.00
# Visual Studio 15
VisualStudioVersion = 15.0.28307.1525
MinimumVisualStudioVersion = 10.0.40219.1
Project("{FAE04EC0-301F-11D3-BF4B-00C04F79EFBC}") = "DungeonApplication1", "DungeonApplication1\DungeonApplication1.csproj", "{5A4B37F2-1C40-4A37-9BE8-4E30C4CF6050}"
EndProject
Global
	GlobalSection(SolutionConfigurationPlatforms) = preSolution
		Debug|Any CPU = Debug|Any CPU
		Release|Any CPU = Release|Any CPU
	EndGlobalSection
	GlobalSection(ProjectConfigurationPlatforms) = postSolution
		{5A4B37F2-1C40-4A37-9BE8-4E30C4CF6050}.Debug|Any CPU.ActiveCfg = Debug|Any CPU
		{5A4B37F2-1C40-4A37-9BE8-4E30C4CF6050}.Debug|Any CPU.Build.0 = Debug|Any CPU
		{5A4B37F2-1C40-4A37-9BE8-4E30C4CF6050}.Release|Any CPU.ActiveCfg = Release|Any CPU
		{5A4B37F2-1C40-4A37-9BE8-4E30C4CF6050}.Release|Any CPU.Build.0 = Release|Any CPU
	EndGlobalSection
	GlobalSection(SolutionProperties) = preSolution
		HideSolutionNode = FALSE
	EndGlobalSection
	GlobalSection(ExtensibilityGlobals) = postSolution
		SolutionGuid = {53AA54A9-B189-4930-BA99-231963B4BFE6}
	EndGlobalSection
EndGlobal
